
Microsoft Visual Studio Solution File, Format Version 12.00
# Visual Studio 15
Project("{FAE04EC0-301F-11D3-BF4B-00C04F79EFBC}") = "Arrays", "Arrays\Arrays.csproj", "{DC78F33C-B0DC-4061-AE78-18CA8C2D6D03}"
EndProject
Global
	GlobalSection(SolutionConfigurationPlatforms) = preSolution
		Debug|Any CPU = Debug|Any CPU
		Release|Any CPU = Release|Any CPU
	EndGlobalSection
	GlobalSection(ProjectConfigurationPlatforms) = postSolution
		{DC78F33C-B0DC-4061-AE78-18CA8C2D6D03}.Debug|Any CPU.ActiveCfg = Debug|Any CPU
		{DC78F33C-B0DC-4061-AE78-18CA8C2D6D03}.Debug|Any CPU.Build.0 = Debug|Any CPU
		{DC78F33C-B0DC-4061-AE78-18CA8C2D6D03}.Release|Any CPU.ActiveCfg = Release|Any CPU
		{DC78F33C-B0DC-4061-AE78-18CA8C2D6D03}.Release|Any CPU.Build.0 = Release|Any CPU
	EndGlobalSection
EndGlobal
